
Microsoft Visual Studio Solution File, Format Version 12.00
# Visual Studio Version 17
VisualStudioVersion = 17.9.34714.143
MinimumVisualStudioVersion = 10.0.40219.1
Project("{FAE04EC0-301F-11D3-BF4B-00C04F79EFBC}") = "seque", "seque\seque.csproj", "{248093EA-3958-4E47-A8C0-F4CD9BEA0894}"
EndProject
Global
	GlobalSection(SolutionConfigurationPlatforms) = preSolution
		Debug|Any CPU = Debug|Any CPU
		Release|Any CPU = Release|Any CPU
	EndGlobalSection
	GlobalSection(ProjectConfigurationPlatforms) = postSolution
		{248093EA-3958-4E47-A8C0-F4CD9BEA0894}.Debug|Any CPU.ActiveCfg = Debug|Any CPU
		{248093EA-3958-4E47-A8C0-F4CD9BEA0894}.Debug|Any CPU.Build.0 = Debug|Any CPU
		{248093EA-3958-4E47-A8C0-F4CD9BEA0894}.Release|Any CPU.ActiveCfg = Release|Any CPU
		{248093EA-3958-4E47-A8C0-F4CD9BEA0894}.Release|Any CPU.Build.0 = Release|Any CPU
	EndGlobalSection
	GlobalSection(SolutionProperties) = preSolution
		HideSolutionNode = FALSE
	EndGlobalSection
	GlobalSection(ExtensibilityGlobals) = postSolution
		SolutionGuid = {2E2BAD68-23EC-4D18-847A-E7F92E378520}
	EndGlobalSection
EndGlobal
