
Microsoft Visual Studio Solution File, Format Version 12.00
# Visual Studio Version 17
VisualStudioVersion = 17.9.34714.143
MinimumVisualStudioVersion = 10.0.40219.1
Project("{FAE04EC0-301F-11D3-BF4B-00C04F79EFBC}") = "jsonn", "jsonn\jsonn.csproj", "{826F431E-87EE-4BEF-89F0-3B1B03006C90}"
EndProject
Global
	GlobalSection(SolutionConfigurationPlatforms) = preSolution
		Debug|Any CPU = Debug|Any CPU
		Release|Any CPU = Release|Any CPU
	EndGlobalSection
	GlobalSection(ProjectConfigurationPlatforms) = postSolution
		{826F431E-87EE-4BEF-89F0-3B1B03006C90}.Debug|Any CPU.ActiveCfg = Debug|Any CPU
		{826F431E-87EE-4BEF-89F0-3B1B03006C90}.Debug|Any CPU.Build.0 = Debug|Any CPU
		{826F431E-87EE-4BEF-89F0-3B1B03006C90}.Release|Any CPU.ActiveCfg = Release|Any CPU
		{826F431E-87EE-4BEF-89F0-3B1B03006C90}.Release|Any CPU.Build.0 = Release|Any CPU
	EndGlobalSection
	GlobalSection(SolutionProperties) = preSolution
		HideSolutionNode = FALSE
	EndGlobalSection
	GlobalSection(ExtensibilityGlobals) = postSolution
		SolutionGuid = {61CFBC3C-348D-464D-A92A-DB0E2EA202E3}
	EndGlobalSection
EndGlobal
