
Microsoft Visual Studio Solution File, Format Version 12.00
# Visual Studio Version 17
VisualStudioVersion = 17.9.34714.143
MinimumVisualStudioVersion = 10.0.40219.1
Project("{FAE04EC0-301F-11D3-BF4B-00C04F79EFBC}") = "Jsonformatting", "Jsonformatting\Jsonformatting.csproj", "{A8C60A87-55A3-4975-B7BC-C06615691A52}"
EndProject
Global
	GlobalSection(SolutionConfigurationPlatforms) = preSolution
		Debug|Any CPU = Debug|Any CPU
		Release|Any CPU = Release|Any CPU
	EndGlobalSection
	GlobalSection(ProjectConfigurationPlatforms) = postSolution
		{A8C60A87-55A3-4975-B7BC-C06615691A52}.Debug|Any CPU.ActiveCfg = Debug|Any CPU
		{A8C60A87-55A3-4975-B7BC-C06615691A52}.Debug|Any CPU.Build.0 = Debug|Any CPU
		{A8C60A87-55A3-4975-B7BC-C06615691A52}.Release|Any CPU.ActiveCfg = Release|Any CPU
		{A8C60A87-55A3-4975-B7BC-C06615691A52}.Release|Any CPU.Build.0 = Release|Any CPU
	EndGlobalSection
	GlobalSection(SolutionProperties) = preSolution
		HideSolutionNode = FALSE
	EndGlobalSection
	GlobalSection(ExtensibilityGlobals) = postSolution
		SolutionGuid = {F34A0D1A-A5EF-4886-B785-5220301EFE50}
	EndGlobalSection
EndGlobal
